
Microsoft Visual Studio Solution File, Format Version 11.00
# Visual Studio 2010
Project("{FAE04EC0-301F-11D3-BF4B-00C04F79EFBC}") = "DevExpress.MailClient.Wpf", "DevExpress.MailClient.Wpf\DevExpress.MailClient.Wpf.csproj", "{7F610388-AFB9-4DFB-8419-71ADD57F3D4E}"
EndProject
Global
	GlobalSection(SolutionConfigurationPlatforms) = preSolution
		ClickOnce Debug|x86 = ClickOnce Debug|x86
		ClickOnce Release|x86 = ClickOnce Release|x86
		Debug|x86 = Debug|x86
		DebugTest|x86 = DebugTest|x86
		Release|x86 = Release|x86
	EndGlobalSection
	GlobalSection(ProjectConfigurationPlatforms) = postSolution
		{7F610388-AFB9-4DFB-8419-71ADD57F3D4E}.ClickOnce Debug|x86.ActiveCfg = ClickOnce Debug|x86
		{7F610388-AFB9-4DFB-8419-71ADD57F3D4E}.ClickOnce Debug|x86.Build.0 = ClickOnce Debug|x86
		{7F610388-AFB9-4DFB-8419-71ADD57F3D4E}.ClickOnce Release|x86.ActiveCfg = ClickOnce Release|x86
		{7F610388-AFB9-4DFB-8419-71ADD57F3D4E}.ClickOnce Release|x86.Build.0 = ClickOnce Release|x86
		{7F610388-AFB9-4DFB-8419-71ADD57F3D4E}.Debug|x86.ActiveCfg = Debug|x86
		{7F610388-AFB9-4DFB-8419-71ADD57F3D4E}.Debug|x86.Build.0 = Debug|x86
		{7F610388-AFB9-4DFB-8419-71ADD57F3D4E}.DebugTest|x86.ActiveCfg = DebugTest|x86
		{7F610388-AFB9-4DFB-8419-71ADD57F3D4E}.DebugTest|x86.Build.0 = DebugTest|x86
		{7F610388-AFB9-4DFB-8419-71ADD57F3D4E}.Release|x86.ActiveCfg = Release|x86
		{7F610388-AFB9-4DFB-8419-71ADD57F3D4E}.Release|x86.Build.0 = Release|x86
	EndGlobalSection
	GlobalSection(SolutionProperties) = preSolution
		HideSolutionNode = FALSE
	EndGlobalSection
EndGlobal
